
Microsoft Visual Studio Solution File, Format Version 12.00
# Visual Studio Version 17
VisualStudioVersion = 17.13.35825.156 d17.13
MinimumVisualStudioVersion = 10.0.40219.1
Project("{FAE04EC0-301F-11D3-BF4B-00C04F79EFBC}") = "ConsoleApp4", "ConsoleApp4.csproj", "{CE08050E-BAC8-4B56-9FEF-4528FDA82630}"
EndProject
Global
	GlobalSection(SolutionConfigurationPlatforms) = preSolution
		Debug|Any CPU = Debug|Any CPU
		Release|Any CPU = Release|Any CPU
	EndGlobalSection
	GlobalSection(ProjectConfigurationPlatforms) = postSolution
		{CE08050E-BAC8-4B56-9FEF-4528FDA82630}.Debug|Any CPU.ActiveCfg = Debug|Any CPU
		{CE08050E-BAC8-4B56-9FEF-4528FDA82630}.Debug|Any CPU.Build.0 = Debug|Any CPU
		{CE08050E-BAC8-4B56-9FEF-4528FDA82630}.Release|Any CPU.ActiveCfg = Release|Any CPU
		{CE08050E-BAC8-4B56-9FEF-4528FDA82630}.Release|Any CPU.Build.0 = Release|Any CPU
	EndGlobalSection
	GlobalSection(SolutionProperties) = preSolution
		HideSolutionNode = FALSE
	EndGlobalSection
	GlobalSection(ExtensibilityGlobals) = postSolution
		SolutionGuid = {0F4CCA56-6B70-49E9-B074-F280695AD106}
	EndGlobalSection
EndGlobal
